
Microsoft Visual Studio Solution File, Format Version 12.00
# Visual Studio Version 17
VisualStudioVersion = 17.11.34909.67
MinimumVisualStudioVersion = 10.0.40219.1
Project("{FAE04EC0-301F-11D3-BF4B-00C04F79EFBC}") = "PracticeFor", "PracticeFor\PracticeFor.csproj", "{CA389D6A-92B1-4794-80EF-E59F3B08486E}"
EndProject
Project("{FAE04EC0-301F-11D3-BF4B-00C04F79EFBC}") = "PracticeForEach", "PracticeForEach\PracticeForEach.csproj", "{B31034DE-64EC-4D7F-9B43-EFA0F2B7245C}"
EndProject
Project("{FAE04EC0-301F-11D3-BF4B-00C04F79EFBC}") = "PracticeWhile", "PracticeWhile\PracticeWhile.csproj", "{C6353469-8CD7-49D9-825E-E9C5454E45C7}"
EndProject
Project("{FAE04EC0-301F-11D3-BF4B-00C04F79EFBC}") = "PracticeDoWhile", "PracticeDoWhile\PracticeDoWhile.csproj", "{6CA7A1B1-05CF-445A-9FB1-EC94E8AB47EA}"
EndProject
Global
	GlobalSection(SolutionConfigurationPlatforms) = preSolution
		Debug|Any CPU = Debug|Any CPU
		Release|Any CPU = Release|Any CPU
	EndGlobalSection
	GlobalSection(ProjectConfigurationPlatforms) = postSolution
		{CA389D6A-92B1-4794-80EF-E59F3B08486E}.Debug|Any CPU.ActiveCfg = Debug|Any CPU
		{CA389D6A-92B1-4794-80EF-E59F3B08486E}.Debug|Any CPU.Build.0 = Debug|Any CPU
		{CA389D6A-92B1-4794-80EF-E59F3B08486E}.Release|Any CPU.ActiveCfg = Release|Any CPU
		{CA389D6A-92B1-4794-80EF-E59F3B08486E}.Release|Any CPU.Build.0 = Release|Any CPU
		{B31034DE-64EC-4D7F-9B43-EFA0F2B7245C}.Debug|Any CPU.ActiveCfg = Debug|Any CPU
		{B31034DE-64EC-4D7F-9B43-EFA0F2B7245C}.Debug|Any CPU.Build.0 = Debug|Any CPU
		{B31034DE-64EC-4D7F-9B43-EFA0F2B7245C}.Release|Any CPU.ActiveCfg = Release|Any CPU
		{B31034DE-64EC-4D7F-9B43-EFA0F2B7245C}.Release|Any CPU.Build.0 = Release|Any CPU
		{C6353469-8CD7-49D9-825E-E9C5454E45C7}.Debug|Any CPU.ActiveCfg = Debug|Any CPU
		{C6353469-8CD7-49D9-825E-E9C5454E45C7}.Debug|Any CPU.Build.0 = Debug|Any CPU
		{C6353469-8CD7-49D9-825E-E9C5454E45C7}.Release|Any CPU.ActiveCfg = Release|Any CPU
		{C6353469-8CD7-49D9-825E-E9C5454E45C7}.Release|Any CPU.Build.0 = Release|Any CPU
		{6CA7A1B1-05CF-445A-9FB1-EC94E8AB47EA}.Debug|Any CPU.ActiveCfg = Debug|Any CPU
		{6CA7A1B1-05CF-445A-9FB1-EC94E8AB47EA}.Debug|Any CPU.Build.0 = Debug|Any CPU
		{6CA7A1B1-05CF-445A-9FB1-EC94E8AB47EA}.Release|Any CPU.ActiveCfg = Release|Any CPU
		{6CA7A1B1-05CF-445A-9FB1-EC94E8AB47EA}.Release|Any CPU.Build.0 = Release|Any CPU
	EndGlobalSection
	GlobalSection(SolutionProperties) = preSolution
		HideSolutionNode = FALSE
	EndGlobalSection
	GlobalSection(ExtensibilityGlobals) = postSolution
		SolutionGuid = {53F0D53A-D88E-4DC3-A837-F2F5B1344789}
	EndGlobalSection
EndGlobal
